# DO NOT EDIT MANUALLY - Managed by Fern Replay
version: "1.0"
generations:
  - commit_sha: eed0189e78906c7d52fe1b8488f90f87a6e3a7da
    tree_hash: 66c250004a7430408673e13da1196aca9c9d1e19
    timestamp: 2026-10-02T16:29:52.283Z
    cli_version: unknown
    generator_versions: {}
current_generation: eed0189e78906c7d52fe1b8488f90f87a6e3a7da
patches: []
